
Microsoft Visual Studio Solution File, Format Version 12.00
# Visual Studio Version 16
VisualStudioVersion = 16.0.30804.86
MinimumVisualStudioVersion = 10.0.40219.1
Project("{FAE04EC0-301F-11D3-BF4B-00C04F79EFBC}") = "dtReport", "demo1a\dtReport.csproj", "{704A8D4F-2485-437C-A498-E72DDCC03758}"
EndProject
Project("{FAE04EC0-301F-11D3-BF4B-00C04F79EFBC}") = "dtReport-2", "dtReport-2\dtReport-2.csproj", "{3FE5F0C0-BD84-4A2B-86E7-68C119BCC64F}"
EndProject
Project("{FAE04EC0-301F-11D3-BF4B-00C04F79EFBC}") = "Lab05-Report", "Lab05-Report\Lab05-Report.csproj", "{B36BE7C1-A8A8-4C99-8A9C-6D84651E5446}"
EndProject
Global
	GlobalSection(SolutionConfigurationPlatforms) = preSolution
		Debug|Any CPU = Debug|Any CPU
		Release|Any CPU = Release|Any CPU
	EndGlobalSection
	GlobalSection(ProjectConfigurationPlatforms) = postSolution
		{704A8D4F-2485-437C-A498-E72DDCC03758}.Debug|Any CPU.ActiveCfg = Debug|Any CPU
		{704A8D4F-2485-437C-A498-E72DDCC03758}.Debug|Any CPU.Build.0 = Debug|Any CPU
		{704A8D4F-2485-437C-A498-E72DDCC03758}.Release|Any CPU.ActiveCfg = Release|Any CPU
		{704A8D4F-2485-437C-A498-E72DDCC03758}.Release|Any CPU.Build.0 = Release|Any CPU
		{3FE5F0C0-BD84-4A2B-86E7-68C119BCC64F}.Debug|Any CPU.ActiveCfg = Debug|Any CPU
		{3FE5F0C0-BD84-4A2B-86E7-68C119BCC64F}.Debug|Any CPU.Build.0 = Debug|Any CPU
		{3FE5F0C0-BD84-4A2B-86E7-68C119BCC64F}.Release|Any CPU.ActiveCfg = Release|Any CPU
		{3FE5F0C0-BD84-4A2B-86E7-68C119BCC64F}.Release|Any CPU.Build.0 = Release|Any CPU
		{B36BE7C1-A8A8-4C99-8A9C-6D84651E5446}.Debug|Any CPU.ActiveCfg = Debug|Any CPU
		{B36BE7C1-A8A8-4C99-8A9C-6D84651E5446}.Debug|Any CPU.Build.0 = Debug|Any CPU
		{B36BE7C1-A8A8-4C99-8A9C-6D84651E5446}.Release|Any CPU.ActiveCfg = Release|Any CPU
		{B36BE7C1-A8A8-4C99-8A9C-6D84651E5446}.Release|Any CPU.Build.0 = Release|Any CPU
	EndGlobalSection
	GlobalSection(SolutionProperties) = preSolution
		HideSolutionNode = FALSE
	EndGlobalSection
	GlobalSection(ExtensibilityGlobals) = postSolution
		SolutionGuid = {DDE5D6A2-5286-4623-974A-A73E7FCC1CE7}
	EndGlobalSection
EndGlobal
